
Microsoft Visual Studio Solution File, Format Version 12.00
# Visual Studio Version 16
VisualStudioVersion = 16.0.29911.84
MinimumVisualStudioVersion = 10.0.40219.1
Project("{FAE04EC0-301F-11D3-BF4B-00C04F79EFBC}") = "MODBUSDemo", "MODBUSDemo\MODBUSDemo.csproj", "{7335DE8A-D287-4D8C-A521-E5043E8DAC87}"
EndProject
Project("{FAE04EC0-301F-11D3-BF4B-00C04F79EFBC}") = "DAL", "DAL\DAL.csproj", "{01DDB961-76A6-42E1-9BA3-32E424E319F3}"
EndProject
Project("{FAE04EC0-301F-11D3-BF4B-00C04F79EFBC}") = "Common", "Common\Common.csproj", "{F4F9E420-9A59-45D4-8618-1CEC1C6904FF}"
EndProject
Global
	GlobalSection(SolutionConfigurationPlatforms) = preSolution
		Debug|Any CPU = Debug|Any CPU
		Release|Any CPU = Release|Any CPU
	EndGlobalSection
	GlobalSection(ProjectConfigurationPlatforms) = postSolution
		{7335DE8A-D287-4D8C-A521-E5043E8DAC87}.Debug|Any CPU.ActiveCfg = Debug|Any CPU
		{7335DE8A-D287-4D8C-A521-E5043E8DAC87}.Debug|Any CPU.Build.0 = Debug|Any CPU
		{7335DE8A-D287-4D8C-A521-E5043E8DAC87}.Release|Any CPU.ActiveCfg = Release|Any CPU
		{7335DE8A-D287-4D8C-A521-E5043E8DAC87}.Release|Any CPU.Build.0 = Release|Any CPU
		{01DDB961-76A6-42E1-9BA3-32E424E319F3}.Debug|Any CPU.ActiveCfg = Debug|Any CPU
		{01DDB961-76A6-42E1-9BA3-32E424E319F3}.Debug|Any CPU.Build.0 = Debug|Any CPU
		{01DDB961-76A6-42E1-9BA3-32E424E319F3}.Release|Any CPU.ActiveCfg = Release|Any CPU
		{01DDB961-76A6-42E1-9BA3-32E424E319F3}.Release|Any CPU.Build.0 = Release|Any CPU
		{F4F9E420-9A59-45D4-8618-1CEC1C6904FF}.Debug|Any CPU.ActiveCfg = Debug|Any CPU
		{F4F9E420-9A59-45D4-8618-1CEC1C6904FF}.Debug|Any CPU.Build.0 = Debug|Any CPU
		{F4F9E420-9A59-45D4-8618-1CEC1C6904FF}.Release|Any CPU.ActiveCfg = Release|Any CPU
		{F4F9E420-9A59-45D4-8618-1CEC1C6904FF}.Release|Any CPU.Build.0 = Release|Any CPU
	EndGlobalSection
	GlobalSection(SolutionProperties) = preSolution
		HideSolutionNode = FALSE
	EndGlobalSection
	GlobalSection(ExtensibilityGlobals) = postSolution
		SolutionGuid = {41B70F97-6CE6-423D-924C-1B8B059E3F8D}
	EndGlobalSection
EndGlobal
